
Microsoft Visual Studio Solution File, Format Version 12.00
# Visual Studio Version 16
VisualStudioVersion = 16.0.31321.278
MinimumVisualStudioVersion = 10.0.40219.1
Project("{FAE04EC0-301F-11D3-BF4B-00C04F79EFBC}") = "CaseHardwareMonitor", "C:\Users\stefa\Desktop\CaseHardwareMonitor\CaseHardwareMonitor\CaseHardwareMonitor.csproj", "{08DBFD34-69F6-41A7-8ADB-672E0A7558A5}"
EndProject
Global
	GlobalSection(SolutionConfigurationPlatforms) = preSolution
		Debug|Any CPU = Debug|Any CPU
		Release|Any CPU = Release|Any CPU
	EndGlobalSection
	GlobalSection(ProjectConfigurationPlatforms) = postSolution
		{08DBFD34-69F6-41A7-8ADB-672E0A7558A5}.Debug|Any CPU.ActiveCfg = Debug|Any CPU
		{08DBFD34-69F6-41A7-8ADB-672E0A7558A5}.Debug|Any CPU.Build.0 = Debug|Any CPU
		{08DBFD34-69F6-41A7-8ADB-672E0A7558A5}.Release|Any CPU.ActiveCfg = Release|Any CPU
		{08DBFD34-69F6-41A7-8ADB-672E0A7558A5}.Release|Any CPU.Build.0 = Release|Any CPU
	EndGlobalSection
	GlobalSection(SolutionProperties) = preSolution
		HideSolutionNode = FALSE
	EndGlobalSection
	GlobalSection(ExtensibilityGlobals) = postSolution
		SolutionGuid = {C10A0305-62CC-4A16-96B1-B85DEF3F2906}
	EndGlobalSection
EndGlobal
